
Microsoft Visual Studio Solution File, Format Version 12.00
# Visual Studio 14
VisualStudioVersion = 14.0.25420.1
MinimumVisualStudioVersion = 10.0.40219.1
Project("{FAE04EC0-301F-11D3-BF4B-00C04F79EFBC}") = "Deakin_Helper.Droid", "Deakin Helper\Deakin_Helper.Droid\Deakin_Helper.Droid.csproj", "{B959E688-276B-4351-92EB-286B3B1D68D3}"
EndProject
Project("{FAE04EC0-301F-11D3-BF4B-00C04F79EFBC}") = "Deakin_Helper.iOS", "Deakin Helper\Deakin_Helper.iOS\Deakin_Helper.iOS.csproj", "{F9CF5BA5-109B-4F36-AEA6-2E39CE6BD0D9}"
EndProject
Project("{FAE04EC0-301F-11D3-BF4B-00C04F79EFBC}") = "Deakin_Helper.WinPhone", "Deakin Helper\Deakin_Helper.WinPhone\Deakin_Helper.WinPhone.csproj", "{FC35E681-0B33-4BD5-AA8B-4685569A3018}"
EndProject
Project("{FAE04EC0-301F-11D3-BF4B-00C04F79EFBC}") = "Deakin_Helper.UWP", "Deakin Helper\Deakin_Helper.UWP\Deakin_Helper.UWP.csproj", "{A5FA73B0-B8B9-4120-B700-7E571A514007}"
EndProject
Project("{FAE04EC0-301F-11D3-BF4B-00C04F79EFBC}") = "Deakin_Helper", "Deakin Helper\Deakin_Helper\Deakin_Helper.csproj", "{6CBC1F60-AB4B-4C06-836C-9678F5A975C0}"
EndProject
Global
	GlobalSection(SolutionConfigurationPlatforms) = preSolution
		Ad-Hoc|Any CPU = Ad-Hoc|Any CPU
		Ad-Hoc|ARM = Ad-Hoc|ARM
		Ad-Hoc|iPhone = Ad-Hoc|iPhone
		Ad-Hoc|iPhoneSimulator = Ad-Hoc|iPhoneSimulator
		Ad-Hoc|x64 = Ad-Hoc|x64
		Ad-Hoc|x86 = Ad-Hoc|x86
		AppStore|Any CPU = AppStore|Any CPU
		AppStore|ARM = AppStore|ARM
		AppStore|iPhone = AppStore|iPhone
		AppStore|iPhoneSimulator = AppStore|iPhoneSimulator
		AppStore|x64 = AppStore|x64
		AppStore|x86 = AppStore|x86
		Debug|Any CPU = Debug|Any CPU
		Debug|ARM = Debug|ARM
		Debug|iPhone = Debug|iPhone
		Debug|iPhoneSimulator = Debug|iPhoneSimulator
		Debug|x64 = Debug|x64
		Debug|x86 = Debug|x86
		Release|Any CPU = Release|Any CPU
		Release|ARM = Release|ARM
		Release|iPhone = Release|iPhone
		Release|iPhoneSimulator = Release|iPhoneSimulator
		Release|x64 = Release|x64
		Release|x86 = Release|x86
	EndGlobalSection
	GlobalSection(ProjectConfigurationPlatforms) = postSolution
		{B959E688-276B-4351-92EB-286B3B1D68D3}.Ad-Hoc|Any CPU.ActiveCfg = Release|Any CPU
		{B959E688-276B-4351-92EB-286B3B1D68D3}.Ad-Hoc|Any CPU.Build.0 = Release|Any CPU
		{B959E688-276B-4351-92EB-286B3B1D68D3}.Ad-Hoc|Any CPU.Deploy.0 = Release|Any CPU
		{B959E688-276B-4351-92EB-286B3B1D68D3}.Ad-Hoc|ARM.ActiveCfg = Release|Any CPU
		{B959E688-276B-4351-92EB-286B3B1D68D3}.Ad-Hoc|ARM.Build.0 = Release|Any CPU
		{B959E688-276B-4351-92EB-286B3B1D68D3}.Ad-Hoc|ARM.Deploy.0 = Release|Any CPU
		{B959E688-276B-4351-92EB-286B3B1D68D3}.Ad-Hoc|iPhone.ActiveCfg = Release|Any CPU
		{B959E688-276B-4351-92EB-286B3B1D68D3}.Ad-Hoc|iPhone.Build.0 = Release|Any CPU
		{B959E688-276B-4351-92EB-286B3B1D68D3}.Ad-Hoc|iPhone.Deploy.0 = Release|Any CPU
		{B959E688-276B-4351-92EB-286B3B1D68D3}.Ad-Hoc|iPhoneSimulator.ActiveCfg = Release|Any CPU
		{B959E688-276B-4351-92EB-286B3B1D68D3}.Ad-Hoc|iPhoneSimulator.Build.0 = Release|Any CPU
		{B959E688-276B-4351-92EB-286B3B1D68D3}.Ad-Hoc|iPhoneSimulator.Deploy.0 = Release|Any CPU
		{B959E688-276B-4351-92EB-286B3B1D68D3}.Ad-Hoc|x64.ActiveCfg = Release|Any CPU
		{B959E688-276B-4351-92EB-286B3B1D68D3}.Ad-Hoc|x64.Build.0 = Release|Any CPU
		{B959E688-276B-4351-92EB-286B3B1D68D3}.Ad-Hoc|x64.Deploy.0 = Release|Any CPU
		{B959E688-276B-4351-92EB-286B3B1D68D3}.Ad-Hoc|x86.ActiveCfg = Release|Any CPU
		{B959E688-276B-4351-92EB-286B3B1D68D3}.Ad-Hoc|x86.Build.0 = Release|Any CPU
		{B959E688-276B-4351-92EB-286B3B1D68D3}.Ad-Hoc|x86.Deploy.0 = Release|Any CPU
		{B959E688-276B-4351-92EB-286B3B1D68D3}.AppStore|Any CPU.ActiveCfg = Release|Any CPU
		{B959E688-276B-4351-92EB-286B3B1D68D3}.AppStore|Any CPU.Build.0 = Release|Any CPU
		{B959E688-276B-4351-92EB-286B3B1D68D3}.AppStore|Any CPU.Deploy.0 = Release|Any CPU
		{B959E688-276B-4351-92EB-286B3B1D68D3}.AppStore|ARM.ActiveCfg = Release|Any CPU
		{B959E688-276B-4351-92EB-286B3B1D68D3}.AppStore|ARM.Build.0 = Release|Any CPU
		{B959E688-276B-4351-92EB-286B3B1D68D3}.AppStore|ARM.Deploy.0 = Release|Any CPU
		{B959E688-276B-4351-92EB-286B3B1D68D3}.AppStore|iPhone.ActiveCfg = Release|Any CPU
		{B959E688-276B-4351-92EB-286B3B1D68D3}.AppStore|iPhone.Build.0 = Release|Any CPU
		{B959E688-276B-4351-92EB-286B3B1D68D3}.AppStore|iPhone.Deploy.0 = Release|Any CPU
		{B959E688-276B-4351-92EB-286B3B1D68D3}.AppStore|iPhoneSimulator.ActiveCfg = Release|Any CPU
		{B959E688-276B-4351-92EB-286B3B1D68D3}.AppStore|iPhoneSimulator.Build.0 = Release|Any CPU
		{B959E688-276B-4351-92EB-286B3B1D68D3}.AppStore|iPhoneSimulator.Deploy.0 = Release|Any CPU
		{B959E688-276B-4351-92EB-286B3B1D68D3}.AppStore|x64.ActiveCfg = Release|Any CPU
		{B959E688-276B-4351-92EB-286B3B1D68D3}.AppStore|x64.Build.0 = Release|Any CPU
		{B959E688-276B-4351-92EB-286B3B1D68D3}.AppStore|x64.Deploy.0 = Release|Any CPU
		{B959E688-276B-4351-92EB-286B3B1D68D3}.AppStore|x86.ActiveCfg = Release|Any CPU
		{B959E688-276B-4351-92EB-286B3B1D68D3}.AppStore|x86.Build.0 = Release|Any CPU
		{B959E688-276B-4351-92EB-286B3B1D68D3}.AppStore|x86.Deploy.0 = Release|Any CPU
		{B959E688-276B-4351-92EB-286B3B1D68D3}.Debug|Any CPU.ActiveCfg = Debug|Any CPU
		{B959E688-276B-4351-92EB-286B3B1D68D3}.Debug|Any CPU.Build.0 = Debug|Any CPU
		{B959E688-276B-4351-92EB-286B3B1D68D3}.Debug|Any CPU.Deploy.0 = Debug|Any CPU
		{B959E688-276B-4351-92EB-286B3B1D68D3}.Debug|ARM.ActiveCfg = Debug|Any CPU
		{B959E688-276B-4351-92EB-286B3B1D68D3}.Debug|ARM.Build.0 = Debug|Any CPU
		{B959E688-276B-4351-92EB-286B3B1D68D3}.Debug|ARM.Deploy.0 = Debug|Any CPU
		{B959E688-276B-4351-92EB-286B3B1D68D3}.Debug|iPhone.ActiveCfg = Debug|Any CPU
		{B959E688-276B-4351-92EB-286B3B1D68D3}.Debug|iPhone.Build.0 = Debug|Any CPU
		{B959E688-276B-4351-92EB-286B3B1D68D3}.Debug|iPhone.Deploy.0 = Debug|Any CPU
		{B959E688-276B-4351-92EB-286B3B1D68D3}.Debug|iPhoneSimulator.ActiveCfg = Debug|Any CPU
		{B959E688-276B-4351-92EB-286B3B1D68D3}.Debug|iPhoneSimulator.Build.0 = Debug|Any CPU
		{B959E688-276B-4351-92EB-286B3B1D68D3}.Debug|iPhoneSimulator.Deploy.0 = Debug|Any CPU
		{B959E688-276B-4351-92EB-286B3B1D68D3}.Debug|x64.ActiveCfg = Debug|Any CPU
		{B959E688-276B-4351-92EB-286B3B1D68D3}.Debug|x64.Build.0 = Debug|Any CPU
		{B959E688-276B-4351-92EB-286B3B1D68D3}.Debug|x64.Deploy.0 = Debug|Any CPU
		{B959E688-276B-4351-92EB-286B3B1D68D3}.Debug|x86.ActiveCfg = Debug|Any CPU
		{B959E688-276B-4351-92EB-286B3B1D68D3}.Debug|x86.Build.0 = Debug|Any CPU
		{B959E688-276B-4351-92EB-286B3B1D68D3}.Debug|x86.Deploy.0 = Debug|Any CPU
		{B959E688-276B-4351-92EB-286B3B1D68D3}.Release|Any CPU.ActiveCfg = Release|Any CPU
		{B959E688-276B-4351-92EB-286B3B1D68D3}.Release|Any CPU.Build.0 = Release|Any CPU
		{B959E688-276B-4351-92EB-286B3B1D68D3}.Release|Any CPU.Deploy.0 = Release|Any CPU
		{B959E688-276B-4351-92EB-286B3B1D68D3}.Release|ARM.ActiveCfg = Release|Any CPU
		{B959E688-276B-4351-92EB-286B3B1D68D3}.Release|ARM.Build.0 = Release|Any CPU
		{B959E688-276B-4351-92EB-286B3B1D68D3}.Release|ARM.Deploy.0 = Release|Any CPU
		{B959E688-276B-4351-92EB-286B3B1D68D3}.Release|iPhone.ActiveCfg = Release|Any CPU
		{B959E688-276B-4351-92EB-286B3B1D68D3}.Release|iPhone.Build.0 = Release|Any CPU
		{B959E688-276B-4351-92EB-286B3B1D68D3}.Release|iPhone.Deploy.0 = Release|Any CPU
		{B959E688-276B-4351-92EB-286B3B1D68D3}.Release|iPhoneSimulator.ActiveCfg = Release|Any CPU
		{B959E688-276B-4351-92EB-286B3B1D68D3}.Release|iPhoneSimulator.Build.0 = Release|Any CPU
		{B959E688-276B-4351-92EB-286B3B1D68D3}.Release|iPhoneSimulator.Deploy.0 = Release|Any CPU
		{B959E688-276B-4351-92EB-286B3B1D68D3}.Release|x64.ActiveCfg = Release|Any CPU
		{B959E688-276B-4351-92EB-286B3B1D68D3}.Release|x64.Build.0 = Release|Any CPU
		{B959E688-276B-4351-92EB-286B3B1D68D3}.Release|x64.Deploy.0 = Release|Any CPU
		{B959E688-276B-4351-92EB-286B3B1D68D3}.Release|x86.ActiveCfg = Release|Any CPU
		{B959E688-276B-4351-92EB-286B3B1D68D3}.Release|x86.Build.0 = Release|Any CPU
		{B959E688-276B-4351-92EB-286B3B1D68D3}.Release|x86.Deploy.0 = Release|Any CPU
		{F9CF5BA5-109B-4F36-AEA6-2E39CE6BD0D9}.Ad-Hoc|Any CPU.ActiveCfg = Ad-Hoc|iPhone
		{F9CF5BA5-109B-4F36-AEA6-2E39CE6BD0D9}.Ad-Hoc|ARM.ActiveCfg = Ad-Hoc|iPhone
		{F9CF5BA5-109B-4F36-AEA6-2E39CE6BD0D9}.Ad-Hoc|iPhone.ActiveCfg = Ad-Hoc|iPhone
		{F9CF5BA5-109B-4F36-AEA6-2E39CE6BD0D9}.Ad-Hoc|iPhone.Build.0 = Ad-Hoc|iPhone
		{F9CF5BA5-109B-4F36-AEA6-2E39CE6BD0D9}.Ad-Hoc|iPhoneSimulator.ActiveCfg = Ad-Hoc|iPhoneSimulator
		{F9CF5BA5-109B-4F36-AEA6-2E39CE6BD0D9}.Ad-Hoc|iPhoneSimulator.Build.0 = Ad-Hoc|iPhoneSimulator
		{F9CF5BA5-109B-4F36-AEA6-2E39CE6BD0D9}.Ad-Hoc|x64.ActiveCfg = Ad-Hoc|iPhone
		{F9CF5BA5-109B-4F36-AEA6-2E39CE6BD0D9}.Ad-Hoc|x86.ActiveCfg = Ad-Hoc|iPhone
		{F9CF5BA5-109B-4F36-AEA6-2E39CE6BD0D9}.AppStore|Any CPU.ActiveCfg = AppStore|iPhone
		{F9CF5BA5-109B-4F36-AEA6-2E39CE6BD0D9}.AppStore|ARM.ActiveCfg = AppStore|iPhone
		{F9CF5BA5-109B-4F36-AEA6-2E39CE6BD0D9}.AppStore|iPhone.ActiveCfg = AppStore|iPhone
		{F9CF5BA5-109B-4F36-AEA6-2E39CE6BD0D9}.AppStore|iPhone.Build.0 = AppStore|iPhone
		{F9CF5BA5-109B-4F36-AEA6-2E39CE6BD0D9}.AppStore|iPhoneSimulator.ActiveCfg = AppStore|iPhoneSimulator
		{F9CF5BA5-109B-4F36-AEA6-2E39CE6BD0D9}.AppStore|iPhoneSimulator.Build.0 = AppStore|iPhoneSimulator
		{F9CF5BA5-109B-4F36-AEA6-2E39CE6BD0D9}.AppStore|x64.ActiveCfg = AppStore|iPhone
		{F9CF5BA5-109B-4F36-AEA6-2E39CE6BD0D9}.AppStore|x86.ActiveCfg = AppStore|iPhone
		{F9CF5BA5-109B-4F36-AEA6-2E39CE6BD0D9}.Debug|Any CPU.ActiveCfg = Debug|iPhone
		{F9CF5BA5-109B-4F36-AEA6-2E39CE6BD0D9}.Debug|ARM.ActiveCfg = Debug|iPhone
		{F9CF5BA5-109B-4F36-AEA6-2E39CE6BD0D9}.Debug|iPhone.ActiveCfg = Debug|iPhone
		{F9CF5BA5-109B-4F36-AEA6-2E39CE6BD0D9}.Debug|iPhone.Build.0 = Debug|iPhone
		{F9CF5BA5-109B-4F36-AEA6-2E39CE6BD0D9}.Debug|iPhoneSimulator.ActiveCfg = Debug|iPhoneSimulator
		{F9CF5BA5-109B-4F36-AEA6-2E39CE6BD0D9}.Debug|iPhoneSimulator.Build.0 = Debug|iPhoneSimulator
		{F9CF5BA5-109B-4F36-AEA6-2E39CE6BD0D9}.Debug|x64.ActiveCfg = Debug|iPhone
		{F9CF5BA5-109B-4F36-AEA6-2E39CE6BD0D9}.Debug|x86.ActiveCfg = Debug|iPhone
		{F9CF5BA5-109B-4F36-AEA6-2E39CE6BD0D9}.Release|Any CPU.ActiveCfg = Release|iPhone
		{F9CF5BA5-109B-4F36-AEA6-2E39CE6BD0D9}.Release|ARM.ActiveCfg = Release|iPhone
		{F9CF5BA5-109B-4F36-AEA6-2E39CE6BD0D9}.Release|iPhone.ActiveCfg = Release|iPhone
		{F9CF5BA5-109B-4F36-AEA6-2E39CE6BD0D9}.Release|iPhone.Build.0 = Release|iPhone
		{F9CF5BA5-109B-4F36-AEA6-2E39CE6BD0D9}.Release|iPhoneSimulator.ActiveCfg = Release|iPhoneSimulator
		{F9CF5BA5-109B-4F36-AEA6-2E39CE6BD0D9}.Release|iPhoneSimulator.Build.0 = Release|iPhoneSimulator
		{F9CF5BA5-109B-4F36-AEA6-2E39CE6BD0D9}.Release|x64.ActiveCfg = Release|iPhone
		{F9CF5BA5-109B-4F36-AEA6-2E39CE6BD0D9}.Release|x86.ActiveCfg = Release|iPhone
		{FC35E681-0B33-4BD5-AA8B-4685569A3018}.Ad-Hoc|Any CPU.ActiveCfg = Release|Any CPU
		{FC35E681-0B33-4BD5-AA8B-4685569A3018}.Ad-Hoc|Any CPU.Build.0 = Release|Any CPU
		{FC35E681-0B33-4BD5-AA8B-4685569A3018}.Ad-Hoc|Any CPU.Deploy.0 = Release|Any CPU
		{FC35E681-0B33-4BD5-AA8B-4685569A3018}.Ad-Hoc|ARM.ActiveCfg = Release|ARM
		{FC35E681-0B33-4BD5-AA8B-4685569A3018}.Ad-Hoc|ARM.Build.0 = Release|ARM
		{FC35E681-0B33-4BD5-AA8B-4685569A3018}.Ad-Hoc|ARM.Deploy.0 = Release|ARM
		{FC35E681-0B33-4BD5-AA8B-4685569A3018}.Ad-Hoc|iPhone.ActiveCfg = Release|Any CPU
		{FC35E681-0B33-4BD5-AA8B-4685569A3018}.Ad-Hoc|iPhone.Build.0 = Release|Any CPU
		{FC35E681-0B33-4BD5-AA8B-4685569A3018}.Ad-Hoc|iPhone.Deploy.0 = Release|Any CPU
		{FC35E681-0B33-4BD5-AA8B-4685569A3018}.Ad-Hoc|iPhoneSimulator.ActiveCfg = Release|Any CPU
		{FC35E681-0B33-4BD5-AA8B-4685569A3018}.Ad-Hoc|iPhoneSimulator.Build.0 = Release|Any CPU
		{FC35E681-0B33-4BD5-AA8B-4685569A3018}.Ad-Hoc|iPhoneSimulator.Deploy.0 = Release|Any CPU
		{FC35E681-0B33-4BD5-AA8B-4685569A3018}.Ad-Hoc|x64.ActiveCfg = Release|Any CPU
		{FC35E681-0B33-4BD5-AA8B-4685569A3018}.Ad-Hoc|x64.Build.0 = Release|Any CPU
		{FC35E681-0B33-4BD5-AA8B-4685569A3018}.Ad-Hoc|x64.Deploy.0 = Release|Any CPU
		{FC35E681-0B33-4BD5-AA8B-4685569A3018}.Ad-Hoc|x86.ActiveCfg = Release|x86
		{FC35E681-0B33-4BD5-AA8B-4685569A3018}.Ad-Hoc|x86.Build.0 = Release|x86
		{FC35E681-0B33-4BD5-AA8B-4685569A3018}.Ad-Hoc|x86.Deploy.0 = Release|x86
		{FC35E681-0B33-4BD5-AA8B-4685569A3018}.AppStore|Any CPU.ActiveCfg = Release|Any CPU
		{FC35E681-0B33-4BD5-AA8B-4685569A3018}.AppStore|Any CPU.Build.0 = Release|Any CPU
		{FC35E681-0B33-4BD5-AA8B-4685569A3018}.AppStore|Any CPU.Deploy.0 = Release|Any CPU
		{FC35E681-0B33-4BD5-AA8B-4685569A3018}.AppStore|ARM.ActiveCfg = Release|ARM
		{FC35E681-0B33-4BD5-AA8B-4685569A3018}.AppStore|ARM.Build.0 = Release|ARM
		{FC35E681-0B33-4BD5-AA8B-4685569A3018}.AppStore|ARM.Deploy.0 = Release|ARM
		{FC35E681-0B33-4BD5-AA8B-4685569A3018}.AppStore|iPhone.ActiveCfg = Release|Any CPU
		{FC35E681-0B33-4BD5-AA8B-4685569A3018}.AppStore|iPhone.Build.0 = Release|Any CPU
		{FC35E681-0B33-4BD5-AA8B-4685569A3018}.AppStore|iPhone.Deploy.0 = Release|Any CPU
		{FC35E681-0B33-4BD5-AA8B-4685569A3018}.AppStore|iPhoneSimulator.ActiveCfg = Release|Any CPU
		{FC35E681-0B33-4BD5-AA8B-4685569A3018}.AppStore|iPhoneSimulator.Build.0 = Release|Any CPU
		{FC35E681-0B33-4BD5-AA8B-4685569A3018}.AppStore|iPhoneSimulator.Deploy.0 = Release|Any CPU
		{FC35E681-0B33-4BD5-AA8B-4685569A3018}.AppStore|x64.ActiveCfg = Release|Any CPU
		{FC35E681-0B33-4BD5-AA8B-4685569A3018}.AppStore|x64.Build.0 = Release|Any CPU
		{FC35E681-0B33-4BD5-AA8B-4685569A3018}.AppStore|x64.Deploy.0 = Release|Any CPU
		{FC35E681-0B33-4BD5-AA8B-4685569A3018}.AppStore|x86.ActiveCfg = Release|x86
		{FC35E681-0B33-4BD5-AA8B-4685569A3018}.AppStore|x86.Build.0 = Release|x86
		{FC35E681-0B33-4BD5-AA8B-4685569A3018}.AppStore|x86.Deploy.0 = Release|x86
		{FC35E681-0B33-4BD5-AA8B-4685569A3018}.Debug|Any CPU.ActiveCfg = Debug|Any CPU
		{FC35E681-0B33-4BD5-AA8B-4685569A3018}.Debug|Any CPU.Build.0 = Debug|Any CPU
		{FC35E681-0B33-4BD5-AA8B-4685569A3018}.Debug|Any CPU.Deploy.0 = Debug|Any CPU
		{FC35E681-0B33-4BD5-AA8B-4685569A3018}.Debug|ARM.ActiveCfg = Debug|ARM
		{FC35E681-0B33-4BD5-AA8B-4685569A3018}.Debug|ARM.Build.0 = Debug|ARM
		{FC35E681-0B33-4BD5-AA8B-4685569A3018}.Debug|ARM.Deploy.0 = Debug|ARM
		{FC35E681-0B33-4BD5-AA8B-4685569A3018}.Debug|iPhone.ActiveCfg = Debug|Any CPU
		{FC35E681-0B33-4BD5-AA8B-4685569A3018}.Debug|iPhone.Build.0 = Debug|Any CPU
		{FC35E681-0B33-4BD5-AA8B-4685569A3018}.Debug|iPhone.Deploy.0 = Debug|Any CPU
		{FC35E681-0B33-4BD5-AA8B-4685569A3018}.Debug|iPhoneSimulator.ActiveCfg = Debug|Any CPU
		{FC35E681-0B33-4BD5-AA8B-4685569A3018}.Debug|iPhoneSimulator.Build.0 = Debug|Any CPU
		{FC35E681-0B33-4BD5-AA8B-4685569A3018}.Debug|iPhoneSimulator.Deploy.0 = Debug|Any CPU
		{FC35E681-0B33-4BD5-AA8B-4685569A3018}.Debug|x64.ActiveCfg = Debug|Any CPU
		{FC35E681-0B33-4BD5-AA8B-4685569A3018}.Debug|x64.Build.0 = Debug|Any CPU
		{FC35E681-0B33-4BD5-AA8B-4685569A3018}.Debug|x64.Deploy.0 = Debug|Any CPU
		{FC35E681-0B33-4BD5-AA8B-4685569A3018}.Debug|x86.ActiveCfg = Debug|x86
		{FC35E681-0B33-4BD5-AA8B-4685569A3018}.Debug|x86.Build.0 = Debug|x86
		{FC35E681-0B33-4BD5-AA8B-4685569A3018}.Debug|x86.Deploy.0 = Debug|x86
		{FC35E681-0B33-4BD5-AA8B-4685569A3018}.Release|Any CPU.ActiveCfg = Release|Any CPU
		{FC35E681-0B33-4BD5-AA8B-4685569A3018}.Release|Any CPU.Build.0 = Release|Any CPU
		{FC35E681-0B33-4BD5-AA8B-4685569A3018}.Release|Any CPU.Deploy.0 = Release|Any CPU
		{FC35E681-0B33-4BD5-AA8B-4685569A3018}.Release|ARM.ActiveCfg = Release|ARM
		{FC35E681-0B33-4BD5-AA8B-4685569A3018}.Release|ARM.Build.0 = Release|ARM
		{FC35E681-0B33-4BD5-AA8B-4685569A3018}.Release|ARM.Deploy.0 = Release|ARM
		{FC35E681-0B33-4BD5-AA8B-4685569A3018}.Release|iPhone.ActiveCfg = Release|Any CPU
		{FC35E681-0B33-4BD5-AA8B-4685569A3018}.Release|iPhone.Build.0 = Release|Any CPU
		{FC35E681-0B33-4BD5-AA8B-4685569A3018}.Release|iPhone.Deploy.0 = Release|Any CPU
		{FC35E681-0B33-4BD5-AA8B-4685569A3018}.Release|iPhoneSimulator.ActiveCfg = Release|Any CPU
		{FC35E681-0B33-4BD5-AA8B-4685569A3018}.Release|iPhoneSimulator.Build.0 = Release|Any CPU
		{FC35E681-0B33-4BD5-AA8B-4685569A3018}.Release|iPhoneSimulator.Deploy.0 = Release|Any CPU
		{FC35E681-0B33-4BD5-AA8B-4685569A3018}.Release|x64.ActiveCfg = Release|Any CPU
		{FC35E681-0B33-4BD5-AA8B-4685569A3018}.Release|x64.Build.0 = Release|Any CPU
		{FC35E681-0B33-4BD5-AA8B-4685569A3018}.Release|x64.Deploy.0 = Release|Any CPU
		{FC35E681-0B33-4BD5-AA8B-4685569A3018}.Release|x86.ActiveCfg = Release|x86
		{FC35E681-0B33-4BD5-AA8B-4685569A3018}.Release|x86.Build.0 = Release|x86
		{FC35E681-0B33-4BD5-AA8B-4685569A3018}.Release|x86.Deploy.0 = Release|x86
		{A5FA73B0-B8B9-4120-B700-7E571A514007}.Ad-Hoc|Any CPU.ActiveCfg = Release|x86
		{A5FA73B0-B8B9-4120-B700-7E571A514007}.Ad-Hoc|Any CPU.Build.0 = Release|x86
		{A5FA73B0-B8B9-4120-B700-7E571A514007}.Ad-Hoc|Any CPU.Deploy.0 = Release|x86
		{A5FA73B0-B8B9-4120-B700-7E571A514007}.Ad-Hoc|ARM.ActiveCfg = Release|ARM
		{A5FA73B0-B8B9-4120-B700-7E571A514007}.Ad-Hoc|ARM.Build.0 = Release|ARM
		{A5FA73B0-B8B9-4120-B700-7E571A514007}.Ad-Hoc|ARM.Deploy.0 = Release|ARM
		{A5FA73B0-B8B9-4120-B700-7E571A514007}.Ad-Hoc|iPhone.ActiveCfg = Release|x86
		{A5FA73B0-B8B9-4120-B700-7E571A514007}.Ad-Hoc|iPhone.Build.0 = Release|x86
		{A5FA73B0-B8B9-4120-B700-7E571A514007}.Ad-Hoc|iPhone.Deploy.0 = Release|x86
		{A5FA73B0-B8B9-4120-B700-7E571A514007}.Ad-Hoc|iPhoneSimulator.ActiveCfg = Release|x86
		{A5FA73B0-B8B9-4120-B700-7E571A514007}.Ad-Hoc|iPhoneSimulator.Build.0 = Release|x86
		{A5FA73B0-B8B9-4120-B700-7E571A514007}.Ad-Hoc|iPhoneSimulator.Deploy.0 = Release|x86
		{A5FA73B0-B8B9-4120-B700-7E571A514007}.Ad-Hoc|x64.ActiveCfg = Release|x64
		{A5FA73B0-B8B9-4120-B700-7E571A514007}.Ad-Hoc|x64.Build.0 = Release|x64
		{A5FA73B0-B8B9-4120-B700-7E571A514007}.Ad-Hoc|x64.Deploy.0 = Release|x64
		{A5FA73B0-B8B9-4120-B700-7E571A514007}.Ad-Hoc|x86.ActiveCfg = Release|x86
		{A5FA73B0-B8B9-4120-B700-7E571A514007}.Ad-Hoc|x86.Build.0 = Release|x86
		{A5FA73B0-B8B9-4120-B700-7E571A514007}.Ad-Hoc|x86.Deploy.0 = Release|x86
		{A5FA73B0-B8B9-4120-B700-7E571A514007}.AppStore|Any CPU.ActiveCfg = Release|x86
		{A5FA73B0-B8B9-4120-B700-7E571A514007}.AppStore|Any CPU.Build.0 = Release|x86
		{A5FA73B0-B8B9-4120-B700-7E571A514007}.AppStore|Any CPU.Deploy.0 = Release|x86
		{A5FA73B0-B8B9-4120-B700-7E571A514007}.AppStore|ARM.ActiveCfg = Release|ARM
		{A5FA73B0-B8B9-4120-B700-7E571A514007}.AppStore|ARM.Build.0 = Release|ARM
		{A5FA73B0-B8B9-4120-B700-7E571A514007}.AppStore|ARM.Deploy.0 = Release|ARM
		{A5FA73B0-B8B9-4120-B700-7E571A514007}.AppStore|iPhone.ActiveCfg = Release|x86
		{A5FA73B0-B8B9-4120-B700-7E571A514007}.AppStore|iPhone.Build.0 = Release|x86
		{A5FA73B0-B8B9-4120-B700-7E571A514007}.AppStore|iPhone.Deploy.0 = Release|x86
		{A5FA73B0-B8B9-4120-B700-7E571A514007}.AppStore|iPhoneSimulator.ActiveCfg = Release|x86
		{A5FA73B0-B8B9-4120-B700-7E571A514007}.AppStore|iPhoneSimulator.Build.0 = Release|x86
		{A5FA73B0-B8B9-4120-B700-7E571A514007}.AppStore|iPhoneSimulator.Deploy.0 = Release|x86
		{A5FA73B0-B8B9-4120-B700-7E571A514007}.AppStore|x64.ActiveCfg = Release|x64
		{A5FA73B0-B8B9-4120-B700-7E571A514007}.AppStore|x64.Build.0 = Release|x64
		{A5FA73B0-B8B9-4120-B700-7E571A514007}.AppStore|x64.Deploy.0 = Release|x64
		{A5FA73B0-B8B9-4120-B700-7E571A514007}.AppStore|x86.ActiveCfg = Release|x86
		{A5FA73B0-B8B9-4120-B700-7E571A514007}.AppStore|x86.Build.0 = Release|x86
		{A5FA73B0-B8B9-4120-B700-7E571A514007}.AppStore|x86.Deploy.0 = Release|x86
		{A5FA73B0-B8B9-4120-B700-7E571A514007}.Debug|Any CPU.ActiveCfg = Debug|x86
		{A5FA73B0-B8B9-4120-B700-7E571A514007}.Debug|ARM.ActiveCfg = Debug|ARM
		{A5FA73B0-B8B9-4120-B700-7E571A514007}.Debug|ARM.Build.0 = Debug|ARM
		{A5FA73B0-B8B9-4120-B700-7E571A514007}.Debug|ARM.Deploy.0 = Debug|ARM
		{A5FA73B0-B8B9-4120-B700-7E571A514007}.Debug|iPhone.ActiveCfg = Debug|x86
		{A5FA73B0-B8B9-4120-B700-7E571A514007}.Debug|iPhoneSimulator.ActiveCfg = Debug|x86
		{A5FA73B0-B8B9-4120-B700-7E571A514007}.Debug|x64.ActiveCfg = Debug|x64
		{A5FA73B0-B8B9-4120-B700-7E571A514007}.Debug|x64.Build.0 = Debug|x64
		{A5FA73B0-B8B9-4120-B700-7E571A514007}.Debug|x64.Deploy.0 = Debug|x64
		{A5FA73B0-B8B9-4120-B700-7E571A514007}.Debug|x86.ActiveCfg = Debug|x86
		{A5FA73B0-B8B9-4120-B700-7E571A514007}.Debug|x86.Build.0 = Debug|x86
		{A5FA73B0-B8B9-4120-B700-7E571A514007}.Debug|x86.Deploy.0 = Debug|x86
		{A5FA73B0-B8B9-4120-B700-7E571A514007}.Release|Any CPU.ActiveCfg = Release|x86
		{A5FA73B0-B8B9-4120-B700-7E571A514007}.Release|ARM.ActiveCfg = Release|ARM
		{A5FA73B0-B8B9-4120-B700-7E571A514007}.Release|ARM.Build.0 = Release|ARM
		{A5FA73B0-B8B9-4120-B700-7E571A514007}.Release|ARM.Deploy.0 = Release|ARM
		{A5FA73B0-B8B9-4120-B700-7E571A514007}.Release|iPhone.ActiveCfg = Release|x86
		{A5FA73B0-B8B9-4120-B700-7E571A514007}.Release|iPhoneSimulator.ActiveCfg = Release|x86
		{A5FA73B0-B8B9-4120-B700-7E571A514007}.Release|x64.ActiveCfg = Release|x64
		{A5FA73B0-B8B9-4120-B700-7E571A514007}.Release|x64.Build.0 = Release|x64
		{A5FA73B0-B8B9-4120-B700-7E571A514007}.Release|x64.Deploy.0 = Release|x64
		{A5FA73B0-B8B9-4120-B700-7E571A514007}.Release|x86.ActiveCfg = Release|x86
		{A5FA73B0-B8B9-4120-B700-7E571A514007}.Release|x86.Build.0 = Release|x86
		{A5FA73B0-B8B9-4120-B700-7E571A514007}.Release|x86.Deploy.0 = Release|x86
		{6CBC1F60-AB4B-4C06-836C-9678F5A975C0}.Ad-Hoc|Any CPU.ActiveCfg = Release|Any CPU
		{6CBC1F60-AB4B-4C06-836C-9678F5A975C0}.Ad-Hoc|Any CPU.Build.0 = Release|Any CPU
		{6CBC1F60-AB4B-4C06-836C-9678F5A975C0}.Ad-Hoc|ARM.ActiveCfg = Release|Any CPU
		{6CBC1F60-AB4B-4C06-836C-9678F5A975C0}.Ad-Hoc|ARM.Build.0 = Release|Any CPU
		{6CBC1F60-AB4B-4C06-836C-9678F5A975C0}.Ad-Hoc|iPhone.ActiveCfg = Release|Any CPU
		{6CBC1F60-AB4B-4C06-836C-9678F5A975C0}.Ad-Hoc|iPhone.Build.0 = Release|Any CPU
		{6CBC1F60-AB4B-4C06-836C-9678F5A975C0}.Ad-Hoc|iPhoneSimulator.ActiveCfg = Release|Any CPU
		{6CBC1F60-AB4B-4C06-836C-9678F5A975C0}.Ad-Hoc|iPhoneSimulator.Build.0 = Release|Any CPU
		{6CBC1F60-AB4B-4C06-836C-9678F5A975C0}.Ad-Hoc|x64.ActiveCfg = Release|Any CPU
		{6CBC1F60-AB4B-4C06-836C-9678F5A975C0}.Ad-Hoc|x64.Build.0 = Release|Any CPU
		{6CBC1F60-AB4B-4C06-836C-9678F5A975C0}.Ad-Hoc|x86.ActiveCfg = Release|Any CPU
		{6CBC1F60-AB4B-4C06-836C-9678F5A975C0}.Ad-Hoc|x86.Build.0 = Release|Any CPU
		{6CBC1F60-AB4B-4C06-836C-9678F5A975C0}.AppStore|Any CPU.ActiveCfg = Release|Any CPU
		{6CBC1F60-AB4B-4C06-836C-9678F5A975C0}.AppStore|Any CPU.Build.0 = Release|Any CPU
		{6CBC1F60-AB4B-4C06-836C-9678F5A975C0}.AppStore|ARM.ActiveCfg = Release|Any CPU
		{6CBC1F60-AB4B-4C06-836C-9678F5A975C0}.AppStore|ARM.Build.0 = Release|Any CPU
		{6CBC1F60-AB4B-4C06-836C-9678F5A975C0}.AppStore|iPhone.ActiveCfg = Release|Any CPU
		{6CBC1F60-AB4B-4C06-836C-9678F5A975C0}.AppStore|iPhone.Build.0 = Release|Any CPU
		{6CBC1F60-AB4B-4C06-836C-9678F5A975C0}.AppStore|iPhoneSimulator.ActiveCfg = Release|Any CPU
		{6CBC1F60-AB4B-4C06-836C-9678F5A975C0}.AppStore|iPhoneSimulator.Build.0 = Release|Any CPU
		{6CBC1F60-AB4B-4C06-836C-9678F5A975C0}.AppStore|x64.ActiveCfg = Release|Any CPU
		{6CBC1F60-AB4B-4C06-836C-9678F5A975C0}.AppStore|x64.Build.0 = Release|Any CPU
		{6CBC1F60-AB4B-4C06-836C-9678F5A975C0}.AppStore|x86.ActiveCfg = Release|Any CPU
		{6CBC1F60-AB4B-4C06-836C-9678F5A975C0}.AppStore|x86.Build.0 = Release|Any CPU
		{6CBC1F60-AB4B-4C06-836C-9678F5A975C0}.Debug|Any CPU.ActiveCfg = Debug|Any CPU
		{6CBC1F60-AB4B-4C06-836C-9678F5A975C0}.Debug|Any CPU.Build.0 = Debug|Any CPU
		{6CBC1F60-AB4B-4C06-836C-9678F5A975C0}.Debug|ARM.ActiveCfg = Debug|Any CPU
		{6CBC1F60-AB4B-4C06-836C-9678F5A975C0}.Debug|ARM.Build.0 = Debug|Any CPU
		{6CBC1F60-AB4B-4C06-836C-9678F5A975C0}.Debug|iPhone.ActiveCfg = Debug|Any CPU
		{6CBC1F60-AB4B-4C06-836C-9678F5A975C0}.Debug|iPhone.Build.0 = Debug|Any CPU
		{6CBC1F60-AB4B-4C06-836C-9678F5A975C0}.Debug|iPhoneSimulator.ActiveCfg = Debug|Any CPU
		{6CBC1F60-AB4B-4C06-836C-9678F5A975C0}.Debug|iPhoneSimulator.Build.0 = Debug|Any CPU
		{6CBC1F60-AB4B-4C06-836C-9678F5A975C0}.Debug|x64.ActiveCfg = Debug|Any CPU
		{6CBC1F60-AB4B-4C06-836C-9678F5A975C0}.Debug|x64.Build.0 = Debug|Any CPU
		{6CBC1F60-AB4B-4C06-836C-9678F5A975C0}.Debug|x86.ActiveCfg = Debug|Any CPU
		{6CBC1F60-AB4B-4C06-836C-9678F5A975C0}.Debug|x86.Build.0 = Debug|Any CPU
		{6CBC1F60-AB4B-4C06-836C-9678F5A975C0}.Release|Any CPU.ActiveCfg = Release|Any CPU
		{6CBC1F60-AB4B-4C06-836C-9678F5A975C0}.Release|Any CPU.Build.0 = Release|Any CPU
		{6CBC1F60-AB4B-4C06-836C-9678F5A975C0}.Release|ARM.ActiveCfg = Release|Any CPU
		{6CBC1F60-AB4B-4C06-836C-9678F5A975C0}.Release|ARM.Build.0 = Release|Any CPU
		{6CBC1F60-AB4B-4C06-836C-9678F5A975C0}.Release|iPhone.ActiveCfg = Release|Any CPU
		{6CBC1F60-AB4B-4C06-836C-9678F5A975C0}.Release|iPhone.Build.0 = Release|Any CPU
		{6CBC1F60-AB4B-4C06-836C-9678F5A975C0}.Release|iPhoneSimulator.ActiveCfg = Release|Any CPU
		{6CBC1F60-AB4B-4C06-836C-9678F5A975C0}.Release|iPhoneSimulator.Build.0 = Release|Any CPU
		{6CBC1F60-AB4B-4C06-836C-9678F5A975C0}.Release|x64.ActiveCfg = Release|Any CPU
		{6CBC1F60-AB4B-4C06-836C-9678F5A975C0}.Release|x64.Build.0 = Release|Any CPU
		{6CBC1F60-AB4B-4C06-836C-9678F5A975C0}.Release|x86.ActiveCfg = Release|Any CPU
		{6CBC1F60-AB4B-4C06-836C-9678F5A975C0}.Release|x86.Build.0 = Release|Any CPU
	EndGlobalSection
	GlobalSection(SolutionProperties) = preSolution
		HideSolutionNode = FALSE
	EndGlobalSection
EndGlobal
